
Microsoft Visual Studio Solution File, Format Version 12.00
# Visual Studio 14
VisualStudioVersion = 14.0.25420.1
MinimumVisualStudioVersion = 10.0.40219.1
Project("{FAE04EC0-301F-11D3-BF4B-00C04F79EFBC}") = "Z001上位机", "Z001上位机\Z001上位机.csproj", "{F377D695-E958-42DE-B627-3F745F83C709}"
EndProject
Global
	GlobalSection(SolutionConfigurationPlatforms) = preSolution
		Debug|Any CPU = Debug|Any CPU
		Debug|Default = Debug|Default
		Release|Any CPU = Release|Any CPU
		Release|Default = Release|Default
	EndGlobalSection
	GlobalSection(ProjectConfigurationPlatforms) = postSolution
		{F377D695-E958-42DE-B627-3F745F83C709}.Debug|Any CPU.ActiveCfg = Debug|Any CPU
		{F377D695-E958-42DE-B627-3F745F83C709}.Debug|Any CPU.Build.0 = Debug|Any CPU
		{F377D695-E958-42DE-B627-3F745F83C709}.Debug|Default.ActiveCfg = Debug|Any CPU
		{F377D695-E958-42DE-B627-3F745F83C709}.Release|Any CPU.ActiveCfg = Debug|Any CPU
		{F377D695-E958-42DE-B627-3F745F83C709}.Release|Default.ActiveCfg = Debug|Any CPU
	EndGlobalSection
	GlobalSection(SolutionProperties) = preSolution
		HideSolutionNode = FALSE
	EndGlobalSection
	GlobalSection(SolutionConfigurationPlatforms) = preSolution
		Debug|Any CPU = Debug|Any CPU
		Debug|Default = Debug|Default
		Release|Any CPU = Release|Any CPU
		Release|Default = Release|Default
	EndGlobalSection
	GlobalSection(SolutionConfigurationPlatforms) = preSolution
		Debug|Any CPU = Debug|Any CPU
		Debug|Default = Debug|Default
		Release|Any CPU = Release|Any CPU
		Release|Default = Release|Default
	EndGlobalSection
EndGlobal
